// !$*UTF8*$!
{
	archiveVersion = 1;
	classes = {
	};
	objectVersion = 46;
	objects = {

/* Begin PBXBuildFile section */
		F9DF3C961C9F93F200EE9001 /* main.m in Sources */ = {isa = PBXBuildFile; fileRef = F9DF3C951C9F93F200EE9001 /* main.m */; };
		F9DF3C991C9F93F200EE9001 /* AppDelegate.m in Sources */ = {isa = PBXBuildFile; fileRef = F9DF3C981C9F93F200EE9001 /* AppDelegate.m */; };
		F9DF3C9C1C9F93F200EE9001 /* ViewController.m in Sources */ = {isa = PBXBuildFile; fileRef = F9DF3C9B1C9F93F200EE9001 /* ViewController.m */; };
		F9DF3C9F1C9F93F200EE9001 /* Main.storyboard in Resources */ = {isa = PBXBuildFile; fileRef = F9DF3C9D1C9F93F200EE9001 /* Main.storyboard */; };
		F9DF3CA11C9F93F200EE9001 /* Assets.xcassets in Resources */ = {isa = PBXBuildFile; fileRef = F9DF3CA01C9F93F200EE9001 /* Assets.xcassets */; };
		F9DF3CA41C9F93F300EE9001 /* LaunchScreen.storyboard in Resources */ = {isa = PBXBuildFile; fileRef = F9DF3CA21C9F93F300EE9001 /* LaunchScreen.storyboard */; };
		F9DF3CAD1C9F9E3900EE9001 /* CXPlayerButton.m in Sources */ = {isa = PBXBuildFile; fileRef = F9DF3CAC1C9F9E3900EE9001 /* CXPlayerButton.m */; };
		F9DF3CB01C9F9FE300EE9001 /* UIColor+Extension.m in Sources */ = {isa = PBXBuildFile; fileRef = F9DF3CAF1C9F9FE300EE9001 /* UIColor+Extension.m */; };
		F9DF3CB41C9FCD4F00EE9001 /* bass.caf in Resources */ = {isa = PBXBuildFile; fileRef = F9DF3CB11C9FCD4F00EE9001 /* bass.caf */; };
		F9DF3CB51C9FCD4F00EE9001 /* drums.caf in Resources */ = {isa = PBXBuildFile; fileRef = F9DF3CB21C9FCD4F00EE9001 /* drums.caf */; };
		F9DF3CB61C9FCD4F00EE9001 /* guitar.caf in Resources */ = {isa = PBXBuildFile; fileRef = F9DF3CB31C9FCD4F00EE9001 /* guitar.caf */; };
/* End PBXBuildFile section */

/* Begin PBXFileReference section */
		F9DF3C911C9F93F200EE9001 /* AudioPlayer.app */ = {isa = PBXFileReference; explicitFileType = wrapper.application; includeInIndex = 0; path = AudioPlayer.app; sourceTree = BUILT_PRODUCTS_DIR; };
		F9DF3C951C9F93F200EE9001 /* main.m */ = {isa = PBXFileReference; lastKnownFileType = sourcecode.c.objc; path = main.m; sourceTree = "<group>"; };
		F9DF3C971C9F93F200EE9001 /* AppDelegate.h */ = {isa = PBXFileReference; lastKnownFileType = sourcecode.c.h; path = AppDelegate.h; sourceTree = "<group>"; };
		F9DF3C981C9F93F200EE9001 /* AppDelegate.m */ = {isa = PBXFileReference; lastKnownFileType = sourcecode.c.objc; path = AppDelegate.m; sourceTree = "<group>"; };
		F9DF3C9A1C9F93F200EE9001 /* ViewController.h */ = {isa = PBXFileReference; lastKnownFileType = sourcecode.c.h; path = ViewController.h; sourceTree = "<group>"; };
		F9DF3C9B1C9F93F200EE9001 /* ViewController.m */ = {isa = PBXFileReference; lastKnownFileType = sourcecode.c.objc; path = ViewController.m; sourceTree = "<group>"; };
		F9DF3C9E1C9F93F200EE9001 /* Base */ = {isa = PBXFileReference; lastKnownFileType = file.storyboard; name = Base; path = Base.lproj/Main.storyboard; sourceTree = "<group>"; };
		F9DF3CA01C9F93F200EE9001 /* Assets.xcassets */ = {isa = PBXFileReference; lastKnownFileType = folder.assetcatalog; path = Assets.xcassets; sourceTree = "<group>"; };
		F9DF3CA31C9F93F300EE9001 /* Base */ = {isa = PBXFileReference; lastKnownFileType = file.storyboard; name = Base; path = Base.lproj/LaunchScreen.storyboard; sourceTree = "<group>"; };
		F9DF3CA51C9F93F300EE9001 /* Info.plist */ = {isa = PBXFileReference; lastKnownFileType = text.plist.xml; path = Info.plist; sourceTree = "<group>"; };
		F9DF3CAB1C9F9E3900EE9001 /* CXPlayerButton.h */ = {isa = PBXFileReference; fileEncoding = 4; lastKnownFileType = sourcecode.c.h; path = CXPlayerButton.h; sourceTree = "<group>"; };
		F9DF3CAC1C9F9E3900EE9001 /* CXPlayerButton.m */ = {isa = PBXFileReference; fileEncoding = 4; lastKnownFileType = sourcecode.c.objc; path = CXPlayerButton.m; sourceTree = "<group>"; };
		F9DF3CAE1C9F9FE300EE9001 /* UIColor+Extension.h */ = {isa = PBXFileReference; fileEncoding = 4; lastKnownFileType = sourcecode.c.h; path = "UIColor+Extension.h"; sourceTree = "<group>"; };
		F9DF3CAF1C9F9FE300EE9001 /* UIColor+Extension.m */ = {isa = PBXFileReference; fileEncoding = 4; lastKnownFileType = sourcecode.c.objc; path = "UIColor+Extension.m"; sourceTree = "<group>"; };
		F9DF3CB11C9FCD4F00EE9001 /* bass.caf */ = {isa = PBXFileReference; lastKnownFileType = file; path = bass.caf; sourceTree = "<group>"; };
		F9DF3CB21C9FCD4F00EE9001 /* drums.caf */ = {isa = PBXFileReference; lastKnownFileType = file; path = drums.caf; sourceTree = "<group>"; };
		F9DF3CB31C9FCD4F00EE9001 /* guitar.caf */ = {isa = PBXFileReference; lastKnownFileType = file; path = guitar.caf; sourceTree = "<group>"; };
/* End PBXFileReference section */

/* Begin PBXFrameworksBuildPhase section */
		F9DF3C8E1C9F93F200EE9001 /* Frameworks */ = {
			isa = PBXFrameworksBuildPhase;
			buildActionMask = 2147483647;
			files = (
			);
			runOnlyForDeploymentPostprocessing = 0;
		};
/* End PBXFrameworksBuildPhase section */

/* Begin PBXGroup section */
		F9DF3C881C9F93F200EE9001 = {
			isa = PBXGroup;
			children = (
				F9DF3C931C9F93F200EE9001 /* AudioPlayer */,
				F9DF3C921C9F93F200EE9001 /* Products */,
			);
			sourceTree = "<group>";
		};
		F9DF3C921C9F93F200EE9001 /* Products */ = {
			isa = PBXGroup;
			children = (
				F9DF3C911C9F93F200EE9001 /* AudioPlayer.app */,
			);
			name = Products;
			sourceTree = "<group>";
		};
		F9DF3C931C9F93F200EE9001 /* AudioPlayer */ = {
			isa = PBXGroup;
			children = (
				F9DF3C971C9F93F200EE9001 /* AppDelegate.h */,
				F9DF3C981C9F93F200EE9001 /* AppDelegate.m */,
				F9DF3C9A1C9F93F200EE9001 /* ViewController.h */,
				F9DF3C9B1C9F93F200EE9001 /* ViewController.m */,
				F9DF3C9D1C9F93F200EE9001 /* Main.storyboard */,
				F9DF3CA01C9F93F200EE9001 /* Assets.xcassets */,
				F9DF3CA21C9F93F300EE9001 /* LaunchScreen.storyboard */,
				F9DF3CA51C9F93F300EE9001 /* Info.plist */,
				F9DF3C941C9F93F200EE9001 /* Supporting Files */,
				F9DF3CAB1C9F9E3900EE9001 /* CXPlayerButton.h */,
				F9DF3CAC1C9F9E3900EE9001 /* CXPlayerButton.m */,
				F9DF3CAE1C9F9FE300EE9001 /* UIColor+Extension.h */,
				F9DF3CAF1C9F9FE300EE9001 /* UIColor+Extension.m */,
			);
			path = AudioPlayer;
			sourceTree = "<group>";
		};
		F9DF3C941C9F93F200EE9001 /* Supporting Files */ = {
			isa = PBXGroup;
			children = (
				F9DF3CB11C9FCD4F00EE9001 /* bass.caf */,
				F9DF3CB21C9FCD4F00EE9001 /* drums.caf */,
				F9DF3CB31C9FCD4F00EE9001 /* guitar.caf */,
				F9DF3C951C9F93F200EE9001 /* main.m */,
			);
			name = "Supporting Files";
			sourceTree = "<group>";
		};
/* End PBXGroup section */

/* Begin PBXNativeTarget section */
		F9DF3C901C9F93F200EE9001 /* AudioPlayer */ = {
			isa = PBXNativeTarget;
			buildConfigurationList = F9DF3CA81C9F93F300EE9001 /* Build configuration list for PBXNativeTarget "AudioPlayer" */;
			buildPhases = (
				F9DF3C8D1C9F93F200EE9001 /* Sources */,
				F9DF3C8E1C9F93F200EE9001 /* Frameworks */,
				F9DF3C8F1C9F93F200EE9001 /* Resources */,
			);
			buildRules = (
			);
			dependencies = (
			);
			name = AudioPlayer;
			productName = AudioPlayer;
			productReference = F9DF3C911C9F93F200EE9001 /* AudioPlayer.app */;
			productType = "com.apple.product-type.application";
		};
/* End PBXNativeTarget section */

/* Begin PBXProject section */
		F9DF3C891C9F93F200EE9001 /* Project object */ = {
			isa = PBXProject;
			attributes = {
				LastUpgradeCheck = 0720;
				ORGANIZATIONNAME = CX;
				TargetAttributes = {
					F9DF3C901C9F93F200EE9001 = {
						CreatedOnToolsVersion = 7.2;
					};
				};
			};
			buildConfigurationList = F9DF3C8C1C9F93F200EE9001 /* Build configuration list for PBXProject "AudioPlayer" */;
			compatibilityVersion = "Xcode 3.2";
			developmentRegion = English;
			hasScannedForEncodings = 0;
			knownRegions = (
				en,
				Base,
			);
			mainGroup = F9DF3C881C9F93F200EE9001;
			productRefGroup = F9DF3C921C9F93F200EE9001 /* Products */;
			projectDirPath = "";
			projectRoot = "";
			targets = (
				F9DF3C901C9F93F200EE9001 /* AudioPlayer */,
			);
		};
/* End PBXProject section */

/* Begin PBXResourcesBuildPhase section */
		F9DF3C8F1C9F93F200EE9001 /* Resources */ = {
			isa = PBXResourcesBuildPhase;
			buildActionMask = 2147483647;
			files = (
				F9DF3CB61C9FCD4F00EE9001 /* guitar.caf in Resources */,
				F9DF3CB51C9FCD4F00EE9001 /* drums.caf in Resources */,
				F9DF3CA41C9F93F300EE9001 /* LaunchScreen.storyboard in Resources */,
				F9DF3CB41C9FCD4F00EE9001 /* bass.caf in Resources */,
				F9DF3CA11C9F93F200EE9001 /* Assets.xcassets in Resources */,
				F9DF3C9F1C9F93F200EE9001 /* Main.storyboard in Resources */,
			);
			runOnlyForDeploymentPostprocessing = 0;
		};
/* End PBXResourcesBuildPhase section */

/* Begin PBXSourcesBuildPhase section */
		F9DF3C8D1C9F93F200EE9001 /* Sources */ = {
			isa = PBXSourcesBuildPhase;
			buildActionMask = 2147483647;
			files = (
				F9DF3C9C1C9F93F200EE9001 /* ViewController.m in Sources */,
				F9DF3C991C9F93F200EE9001 /* AppDelegate.m in Sources */,
				F9DF3CB01C9F9FE300EE9001 /* UIColor+Extension.m in Sources */,
				F9DF3C961C9F93F200EE9001 /* main.m in Sources */,
				F9DF3CAD1C9F9E3900EE9001 /* CXPlayerButton.m in Sources */,
			);
			runOnlyForDeploymentPostprocessing = 0;
		};
/* End PBXSourcesBuildPhase section */

/* Begin PBXVariantGroup section */
		F9DF3C9D1C9F93F200EE9001 /* Main.storyboard */ = {
			isa = PBXVariantGroup;
			children = (
				F9DF3C9E1C9F93F200EE9001 /* Base */,
			);
			name = Main.storyboard;
			sourceTree = "<group>";
		};
		F9DF3CA21C9F93F300EE9001 /* LaunchScreen.storyboard */ = {
			isa = PBXVariantGroup;
			children = (
				F9DF3CA31C9F93F300EE9001 /* Base */,
			);
			name = LaunchScreen.storyboard;
			sourceTree = "<group>";
		};
/* End PBXVariantGroup section */

/* Begin XCBuildConfiguration section */
		F9DF3CA61C9F93F300EE9001 /* Debug */ = {
			isa = XCBuildConfiguration;
			buildSettings = {
				ALWAYS_SEARCH_USER_PATHS = NO;
				CLANG_CXX_LANGUAGE_STANDARD = "gnu++0x";
				CLANG_CXX_LIBRARY = "libc++";
				CLANG_ENABLE_MODULES = YES;
				CLANG_ENABLE_OBJC_ARC = YES;
				CLANG_WARN_BOOL_CONVERSION = YES;
				CLANG_WARN_CONSTANT_CONVERSION = YES;
				CLANG_WARN_DIRECT_OBJC_ISA_USAGE = YES_ERROR;
				CLANG_WARN_EMPTY_BODY = YES;
				CLANG_WARN_ENUM_CONVERSION = YES;
				CLANG_WARN_INT_CONVERSION = YES;
				CLANG_WARN_OBJC_ROOT_CLASS = YES_ERROR;
				CLANG_WARN_UNREACHABLE_CODE = YES;
				CLANG_WARN__DUPLICATE_METHOD_MATCH = YES;
				"CODE_SIGN_IDENTITY[sdk=iphoneos*]" = "iPhone Developer";
				COPY_PHASE_STRIP = NO;
				DEBUG_INFORMATION_FORMAT = dwarf;
				ENABLE_STRICT_OBJC_MSGSEND = YES;
				ENABLE_TESTABILITY = YES;
				GCC_C_LANGUAGE_STANDARD = gnu99;
				GCC_DYNAMIC_NO_PIC = NO;
				GCC_NO_COMMON_BLOCKS = YES;
				GCC_OPTIMIZATION_LEVEL = 0;
				GCC_PREPROCESSOR_DEFINITIONS = (
					"DEBUG=1",
					"$(inherited)",
				);
				GCC_WARN_64_TO_32_BIT_CONVERSION = YES;
				GCC_WARN_ABOUT_RETURN_TYPE = YES_ERROR;
				GCC_WARN_UNDECLARED_SELECTOR = YES;
				GCC_WARN_UNINITIALIZED_AUTOS = YES_AGGRESSIVE;
				GCC_WARN_UNUSED_FUNCTION = YES;
				GCC_WARN_UNUSED_VARIABLE = YES;
				IPHONEOS_DEPLOYMENT_TARGET = 9.2;
				MTL_ENABLE_DEBUG_INFO = YES;
				ONLY_ACTIVE_ARCH = YES;
				SDKROOT = iphoneos;
			};
			name = Debug;
		};
		F9DF3CA71C9F93F300EE9001 /* Release */ = {
			isa = XCBuildConfiguration;
			buildSettings = {
				ALWAYS_SEARCH_USER_PATHS = NO;
				CLANG_CXX_LANGUAGE_STANDARD = "gnu++0x";
				CLANG_CXX_LIBRARY = "libc++";
				CLANG_ENABLE_MODULES = YES;
				CLANG_ENABLE_OBJC_ARC = YES;
				CLANG_WARN_BOOL_CONVERSION = YES;
				CLANG_WARN_CONSTANT_CONVERSION = YES;
				CLANG_WARN_DIRECT_OBJC_ISA_USAGE = YES_ERROR;
				CLANG_WARN_EMPTY_BODY = YES;
				CLANG_WARN_ENUM_CONVERSION = YES;
				CLANG_WARN_INT_CONVERSION = YES;
				CLANG_WARN_OBJC_ROOT_CLASS = YES_ERROR;
				CLANG_WARN_UNREACHABLE_CODE = YES;
				CLANG_WARN__DUPLICATE_METHOD_MATCH = YES;
				"CODE_SIGN_IDENTITY[sdk=iphoneos*]" = "iPhone Developer";
				COPY_PHASE_STRIP = NO;
				DEBUG_INFORMATION_FORMAT = "dwarf-with-dsym";
				ENABLE_NS_ASSERTIONS = NO;
				ENABLE_STRICT_OBJC_MSGSEND = YES;
				GCC_C_LANGUAGE_STANDARD = gnu99;
				GCC_NO_COMMON_BLOCKS = YES;
				GCC_WARN_64_TO_32_BIT_CONVERSION = YES;
				GCC_WARN_ABOUT_RETURN_TYPE = YES_ERROR;
				GCC_WARN_UNDECLARED_SELECTOR = YES;
				GCC_WARN_UNINITIALIZED_AUTOS = YES_AGGRESSIVE;
				GCC_WARN_UNUSED_FUNCTION = YES;
				GCC_WARN_UNUSED_VARIABLE = YES;
				IPHONEOS_DEPLOYMENT_TARGET = 9.2;
				MTL_ENABLE_DEBUG_INFO = NO;
				SDKROOT = iphoneos;
				VALIDATE_PRODUCT = YES;
			};
			name = Release;
		};
		F9DF3CA91C9F93F300EE9001 /* Debug */ = {
			isa = XCBuildConfiguration;
			buildSettings = {
				ASSETCATALOG_COMPILER_APPICON_NAME = AppIcon;
				INFOPLIST_FILE = AudioPlayer/Info.plist;
				IPHONEOS_DEPLOYMENT_TARGET = 8.1;
				LD_RUNPATH_SEARCH_PATHS = "$(inherited) @executable_path/Frameworks";
				PRODUCT_BUNDLE_IDENTIFIER = CX.AudioPlayer;
				PRODUCT_NAME = "$(TARGET_NAME)";
			};
			name = Debug;
		};
		F9DF3CAA1C9F93F300EE9001 /* Release */ = {
			isa = XCBuildConfiguration;
			buildSettings = {
				ASSETCATALOG_COMPILER_APPICON_NAME = AppIcon;
				INFOPLIST_FILE = AudioPlayer/Info.plist;
				IPHONEOS_DEPLOYMENT_TARGET = 8.1;
				LD_RUNPATH_SEARCH_PATHS = "$(inherited) @executable_path/Frameworks";
				PRODUCT_BUNDLE_IDENTIFIER = CX.AudioPlayer;
				PRODUCT_NAME = "$(TARGET_NAME)";
			};
			name = Release;
		};
/* End XCBuildConfiguration section */

/* Begin XCConfigurationList section */
		F9DF3C8C1C9F93F200EE9001 /* Build configuration list for PBXProject "AudioPlayer" */ = {
			isa = XCConfigurationList;
			buildConfigurations = (
				F9DF3CA61C9F93F300EE9001 /* Debug */,
				F9DF3CA71C9F93F300EE9001 /* Release */,
			);
			defaultConfigurationIsVisible = 0;
			defaultConfigurationName = Release;
		};
		F9DF3CA81C9F93F300EE9001 /* Build configuration list for PBXNativeTarget "AudioPlayer" */ = {
			isa = XCConfigurationList;
			buildConfigurations = (
				F9DF3CA91C9F93F300EE9001 /* Debug */,
				F9DF3CAA1C9F93F300EE9001 /* Release */,
			);
			defaultConfigurationIsVisible = 0;
		};
/* End XCConfigurationList section */
	};
	rootObject = F9DF3C891C9F93F200EE9001 /* Project object */;
}
